Microsoft Visual Studio Solution File, Format Version 8.00
Project("{F184B08F-C81C-45F6-A57F-5ABD9991F28F}") = "pscLedCore", "pscLedCore\pscLedCore.vbproj", "{0E5749A9-2110-4FA3-B737-E7586DA02489}"
	ProjectSection(ProjectDependencies) = postProject
	EndProjectSection
EndProject
Project("{F184B08F-C81C-45F6-A57F-5ABD9991F28F}") = "ledDemo", "pscLedDemo\ledDemo.vbproj", "{2298EF52-1989-4C0C-AB75-7AE047637E10}"
	ProjectSection(ProjectDependencies) = postProject
	EndProjectSection
EndProject
Project("{54435603-DBB4-11D2-8724-00A0C9A8B90C}") = "pscLedDemoSetup", "pscLedDemoSetup\pscLedDemoSetup.vdproj", "{A3BCF8B3-0559-4489-9532-3A175B815EAF}"
	ProjectSection(ProjectDependencies) = postProject
		{2298EF52-1989-4C0C-AB75-7AE047637E10} = {2298EF52-1989-4C0C-AB75-7AE047637E10}
		{0E5749A9-2110-4FA3-B737-E7586DA02489} = {0E5749A9-2110-4FA3-B737-E7586DA02489}
	EndProjectSection
EndProject
Global
	GlobalSection(SolutionConfiguration) = preSolution
		Debug = Debug
		Release = Release
	EndGlobalSection
	GlobalSection(ProjectConfiguration) = postSolution
		{0E5749A9-2110-4FA3-B737-E7586DA02489}.Debug.ActiveCfg = Debug|.NET
		{0E5749A9-2110-4FA3-B737-E7586DA02489}.Debug.Build.0 = Debug|.NET
		{0E5749A9-2110-4FA3-B737-E7586DA02489}.Release.ActiveCfg = Release|.NET
		{0E5749A9-2110-4FA3-B737-E7586DA02489}.Release.Build.0 = Release|.NET
		{2298EF52-1989-4C0C-AB75-7AE047637E10}.Debug.ActiveCfg = Debug|.NET
		{2298EF52-1989-4C0C-AB75-7AE047637E10}.Debug.Build.0 = Debug|.NET
		{2298EF52-1989-4C0C-AB75-7AE047637E10}.Release.ActiveCfg = Release|.NET
		{2298EF52-1989-4C0C-AB75-7AE047637E10}.Release.Build.0 = Release|.NET
		{A3BCF8B3-0559-4489-9532-3A175B815EAF}.Debug.ActiveCfg = Debug
		{A3BCF8B3-0559-4489-9532-3A175B815EAF}.Release.ActiveCfg = Release
		{A3BCF8B3-0559-4489-9532-3A175B815EAF}.Release.Build.0 = Release
	EndGlobalSection
	GlobalSection(ExtensibilityGlobals) = postSolution
	EndGlobalSection
	GlobalSection(ExtensibilityAddIns) = postSolution
	EndGlobalSection
EndGlobal
